
Microsoft Visual Studio Solution File, Format Version 12.00
# Visual Studio Version 16
VisualStudioVersion = 16.0.30413.136
MinimumVisualStudioVersion = 10.0.40219.1
Project("{9A19103F-16F7-4668-BE54-9A1E7A4F7556}") = "Rot13.Tests", "Rot13.Tests\Rot13.Tests.csproj", "{0405A3F7-7105-461E-8526-F552DAD6D0A3}"
EndProject
Project("{9A19103F-16F7-4668-BE54-9A1E7A4F7556}") = "Rot13", "Rot13\Rot13.csproj", "{4C2F5BC6-6005-4EB1-8FF1-EB16978F1E41}"
EndProject
Global
	GlobalSection(SolutionConfigurationPlatforms) = preSolution
		Debug|Any CPU = Debug|Any CPU
		Release|Any CPU = Release|Any CPU
	EndGlobalSection
	GlobalSection(ProjectConfigurationPlatforms) = postSolution
		{0405A3F7-7105-461E-8526-F552DAD6D0A3}.Debug|Any CPU.ActiveCfg = Debug|Any CPU
		{0405A3F7-7105-461E-8526-F552DAD6D0A3}.Debug|Any CPU.Build.0 = Debug|Any CPU
		{0405A3F7-7105-461E-8526-F552DAD6D0A3}.Release|Any CPU.ActiveCfg = Release|Any CPU
		{0405A3F7-7105-461E-8526-F552DAD6D0A3}.Release|Any CPU.Build.0 = Release|Any CPU
		{4C2F5BC6-6005-4EB1-8FF1-EB16978F1E41}.Debug|Any CPU.ActiveCfg = Debug|Any CPU
		{4C2F5BC6-6005-4EB1-8FF1-EB16978F1E41}.Debug|Any CPU.Build.0 = Debug|Any CPU
		{4C2F5BC6-6005-4EB1-8FF1-EB16978F1E41}.Release|Any CPU.ActiveCfg = Release|Any CPU
		{4C2F5BC6-6005-4EB1-8FF1-EB16978F1E41}.Release|Any CPU.Build.0 = Release|Any CPU
	EndGlobalSection
	GlobalSection(SolutionProperties) = preSolution
		HideSolutionNode = FALSE
	EndGlobalSection
	GlobalSection(ExtensibilityGlobals) = postSolution
		SolutionGuid = {91A5DB66-8787-4122-9C73-DAC911DCABB2}
	EndGlobalSection
EndGlobal
